{
  "name": "@elparadisogonzalo-com/elparadisogonzalo",
  "version": "3.2.0",
  "lockfileVersion": 3,
  "requires": true,
  "packages": {
    "": {
      "name": "@elparadisogonzalo-com/elparadisogonzalo",
      "version": "3.2.0",
      "license": "Apache-2.0",
      "dependencies": {
        "@elparadisogonzalo-com/elparadisogonzalo": "^3.2.0"
      }
    },
    "node_modules/@elparadisogonzalo-com/elparadisogonzalo": {
      "version": "3.2.0",
      "resolved": "https://npm.pkg.github.com/download/@elparadisogonzalo-com/elparadisogonzalo/3.2.0/22e2b23884ee212963e38f1eb834a8583e00bdec",
      "integrity": "sha512-hv2KAz63OEZsxH7Qn+5iVyCTLhSKWI0fzUr08iNF7XWJIIrakJmQosetbceame2zSpTHMaHOthnIRCuarq2TZg==",
      "license": "Apache-2.0"
    }
  }
}
